{
  "projects": [
    {
      "projectId": "7CKZhD2BVpe8oYNyjz4EUo",
      "version": "1.0.0",
      "dependencies": {},
      "lang": "ts",
      "fileLocks": [
        {
          "type": "globalVariant",
          "assetId": "tId95ECdAsJK",
          "checksum": "3e5bc00b4906dd3d5285b2e6d8c26ce9"
        },
        {
          "assetId": "7CKZhD2BVpe8oYNyjz4EUo",
          "type": "projectCss",
          "checksum": "8004d139bc03b6c85e1025c5275b95b4"
        },
        {
          "type": "renderModule",
          "assetId": "bnO-AW974wUz",
          "checksum": "080b1e06dfa4bedd1eb2e0d23f455c11"
        },
        {
          "type": "cssRules",
          "assetId": "bnO-AW974wUz",
          "checksum": "080b1e06dfa4bedd1eb2e0d23f455c11"
        },
        {
          "type": "renderModule",
          "assetId": "4sUtTUrWnT",
          "checksum": "0910ab9470e4de1d575444dbf2093663"
        },
        {
          "type": "cssRules",
          "assetId": "4sUtTUrWnT",
          "checksum": "0910ab9470e4de1d575444dbf2093663"
        },
        {
          "type": "renderModule",
          "assetId": "ntX9agb1NR",
          "checksum": "c3fde0625de708677eefe8399c8c9063"
        },
        {
          "type": "cssRules",
          "assetId": "ntX9agb1NR",
          "checksum": "c3fde0625de708677eefe8399c8c9063"
        },
        {
          "type": "renderModule",
          "assetId": "8ig3uWjRld",
          "checksum": "58d1aa33100d0e526fa3863dc5431253"
        },
        {
          "type": "cssRules",
          "assetId": "8ig3uWjRld",
          "checksum": "58d1aa33100d0e526fa3863dc5431253"
        },
        {
          "type": "renderModule",
          "assetId": "sdZdmGowFd",
          "checksum": "1b8f72e1759822194fecbb79788409f6"
        },
        {
          "type": "cssRules",
          "assetId": "sdZdmGowFd",
          "checksum": "1b8f72e1759822194fecbb79788409f6"
        },
        {
          "type": "renderModule",
          "assetId": "JHk19r9QqJ",
          "checksum": "732ef0628d5bbf411e8a06b89fed14c9"
        },
        {
          "type": "cssRules",
          "assetId": "JHk19r9QqJ",
          "checksum": "732ef0628d5bbf411e8a06b89fed14c9"
        },
        {
          "type": "renderModule",
          "assetId": "4Bd4Yhsd_bl",
          "checksum": "49a766cc62b43de4293cdaa0f793a1c7"
        },
        {
          "type": "cssRules",
          "assetId": "4Bd4Yhsd_bl",
          "checksum": "49a766cc62b43de4293cdaa0f793a1c7"
        },
        {
          "type": "renderModule",
          "assetId": "CYSztTUGQI",
          "checksum": "4c3dc0d332a260b2728bcb6b30fabed4"
        },
        {
          "type": "cssRules",
          "assetId": "CYSztTUGQI",
          "checksum": "4c3dc0d332a260b2728bcb6b30fabed4"
        },
        {
          "type": "renderModule",
          "assetId": "vVq_ENM8si",
          "checksum": "8c1e8479ccb5afa29d2d21777a9ce475"
        },
        {
          "type": "cssRules",
          "assetId": "vVq_ENM8si",
          "checksum": "8c1e8479ccb5afa29d2d21777a9ce475"
        }
      ]
    },
    {
      "projectId": "6YWbAhS5tQQRFkLE21F4kw",
      "version": "latest",
      "dependencies": {
        "7CKZhD2BVpe8oYNyjz4EUo": "1.0.0"
      },
      "lang": "ts",
      "fileLocks": [
        {
          "type": "globalVariant",
          "assetId": "FMUrbbttkcp2",
          "checksum": "7d677e1c1ecc473a6a750173d2d066a1"
        },
        {
          "type": "renderModule",
          "assetId": "tVOp-FjEQX",
          "checksum": "f918be68b8745a4a7c8656706d29acc7"
        },
        {
          "type": "cssRules",
          "assetId": "tVOp-FjEQX",
          "checksum": "f918be68b8745a4a7c8656706d29acc7"
        },
        {
          "type": "renderModule",
          "assetId": "syT_kopKCz",
          "checksum": "66463b0a2954028e8782d7cff49c96b3"
        },
        {
          "type": "cssRules",
          "assetId": "syT_kopKCz",
          "checksum": "66463b0a2954028e8782d7cff49c96b3"
        },
        {
          "type": "renderModule",
          "assetId": "i0iE4QV40D",
          "checksum": "6d746d384689707ee45ead52987f8852"
        },
        {
          "type": "cssRules",
          "assetId": "i0iE4QV40D",
          "checksum": "6d746d384689707ee45ead52987f8852"
        },
        {
          "type": "renderModule",
          "assetId": "SDiudT27JW",
          "checksum": "377047c637ca218f2aa13b1eae0fb62f"
        },
        {
          "type": "cssRules",
          "assetId": "SDiudT27JW",
          "checksum": "377047c637ca218f2aa13b1eae0fb62f"
        },
        {
          "type": "renderModule",
          "assetId": "aUeHhqhSJm",
          "checksum": "46f2d9797eb4f616fe0c9956d4a85ffc"
        },
        {
          "type": "cssRules",
          "assetId": "aUeHhqhSJm",
          "checksum": "46f2d9797eb4f616fe0c9956d4a85ffc"
        },
        {
          "type": "renderModule",
          "assetId": "kMmJWCRMpfj",
          "checksum": "d36a5608503e7471525840f9fa1e83a3"
        },
        {
          "type": "cssRules",
          "assetId": "kMmJWCRMpfj",
          "checksum": "d36a5608503e7471525840f9fa1e83a3"
        },
        {
          "type": "renderModule",
          "assetId": "AyLRBt0RFN",
          "checksum": "452ae0f929703eb6f496915fdc4528c2"
        },
        {
          "type": "cssRules",
          "assetId": "AyLRBt0RFN",
          "checksum": "452ae0f929703eb6f496915fdc4528c2"
        },
        {
          "type": "image",
          "assetId": "Es2o5vVEm",
          "checksum": "232c57d33986cb2fb1ffbeed72c74bb5"
        },
        {
          "type": "image",
          "assetId": "cHshr49ig",
          "checksum": "4ac02083a6890ead9c9bf73a4207332b"
        },
        {
          "type": "image",
          "assetId": "u6zbz5it3",
          "checksum": "ccb4de5144bc53a39b49788136363c0a"
        },
        {
          "type": "image",
          "assetId": "8kCC5WRMN",
          "checksum": "6095230d64cce8b8a6c5a1b0b2bf3d16"
        },
        {
          "type": "image",
          "assetId": "RsSS97agl",
          "checksum": "cc398a44ef1f89f90b3d7144f44df136"
        },
        {
          "type": "image",
          "assetId": "ADp7VAvuU",
          "checksum": "44fabdb8d4fd65c9e2b7f8f64ca4a744"
        },
        {
          "type": "image",
          "assetId": "BID4rhD3D",
          "checksum": "dcc45647fd05948ae53532972e023d3f"
        },
        {
          "type": "image",
          "assetId": "TYEvUoR-U",
          "checksum": "63ffb67141c7b0214ab83de9134f8805"
        },
        {
          "type": "image",
          "assetId": "Qh9oporPI",
          "checksum": "7fb85b4465bd93d668514e6e581022a9"
        },
        {
          "type": "image",
          "assetId": "79hQfgNtM",
          "checksum": "c1d3339cc80848f42d89da9123d00144"
        },
        {
          "type": "image",
          "assetId": "NZb33Sdd1",
          "checksum": "c1389db945e42da8dd4f5ce5322522c8"
        },
        {
          "type": "image",
          "assetId": "TWy6dBGXF",
          "checksum": "0cd82e8e842d25663bf0357d748173aa"
        },
        {
          "type": "image",
          "assetId": "8mCcaj3us",
          "checksum": "995648fdc4474a9e1f2cd0073afd2110"
        },
        {
          "type": "image",
          "assetId": "Mm2_qSAWD",
          "checksum": "d565e4f2b48fdb9fcb66a16ef28fcce4"
        },
        {
          "type": "image",
          "assetId": "RkQDK0bFO",
          "checksum": "04cd25c296568cffeb454c9d67b97c27"
        },
        {
          "type": "image",
          "assetId": "5CEiLdWui",
          "checksum": "b5c5774313042a6c416fe4f11c770330"
        },
        {
          "type": "image",
          "assetId": "yDg3GB1WV",
          "checksum": "5618890ccf827e8ceb249c94bce59208"
        },
        {
          "type": "image",
          "assetId": "9mQTQdmW3",
          "checksum": "85116ee0c5a1ab6040aea8bc92f418a9"
        },
        {
          "assetId": "6YWbAhS5tQQRFkLE21F4kw",
          "type": "projectCss",
          "checksum": "3ee74d1073ad639e143d94d89840eecb"
        },
        {
          "type": "image",
          "assetId": "USFgeym_j",
          "checksum": "adf1f6a7331f2db0992d75669dbeb007"
        },
        {
          "type": "image",
          "assetId": "0VefidGMM",
          "checksum": "9cb175bfe3733acbcb2ff3d4f30d2f47"
        },
        {
          "type": "image",
          "assetId": "cCPimzhk1",
          "checksum": "0ef802db054f3a03315e79ead3dd047b"
        },
        {
          "type": "image",
          "assetId": "m-BXLUBbZ",
          "checksum": "37deee66d4c94c0f307359a189ad9341"
        },
        {
          "type": "image",
          "assetId": "1y7FPJy_W",
          "checksum": "5416cf827bf5e9dbdf877d1778d77ab2"
        },
        {
          "type": "image",
          "assetId": "XOZRVysUp",
          "checksum": "ab12d2761929506b52b58404cbb6176c"
        },
        {
          "type": "image",
          "assetId": "CZDqBGyAC",
          "checksum": "68a28f09a1e58371fcf9612aa552b3f2"
        }
      ]
    }
  ],
  "cliVersion": "0.1.158"
}
